// !$*UTF8*$!
{
	archiveVersion = 1;
	classes = {
	};
	objectVersion = 46;
	objects = {

/* Begin PBXBuildFile section */
		6BF90A76469703F418227E6F /* Pods_Thrifty.framework in Frameworks */ = {isa = PBXBuildFile; fileRef = 7A849C62ACF427A5EB362E07 /* Pods_Thrifty.framework */; };
		E41D78831EEF8EBE000CC8B1 /* ExpenseVC.swift in Sources */ = {isa = PBXBuildFile; fileRef = E41D78821EEF8EBE000CC8B1 /* ExpenseVC.swift */; };
		E4D96FEB1EEB15700030BF2A /* AppDelegate.swift in Sources */ = {isa = PBXBuildFile; fileRef = E4D96FEA1EEB15700030BF2A /* AppDelegate.swift */; };
		E4D96FF01EEB15700030BF2A /* Main.storyboard in Resources */ = {isa = PBXBuildFile; fileRef = E4D96FEE1EEB15700030BF2A /* Main.storyboard */; };
		E4D96FF31EEB15700030BF2A /* Thrifty.xcdatamodeld in Sources */ = {isa = PBXBuildFile; fileRef = E4D96FF11EEB15700030BF2A /* Thrifty.xcdatamodeld */; };
		E4D96FF51EEB15700030BF2A /* Assets.xcassets in Resources */ = {isa = PBXBuildFile; fileRef = E4D96FF41EEB15700030BF2A /* Assets.xcassets */; };
		E4D96FF81EEB15700030BF2A /* LaunchScreen.storyboard in Resources */ = {isa = PBXBuildFile; fileRef = E4D96FF61EEB15700030BF2A /* LaunchScreen.storyboard */; };
		E4D970001EEB1AEC0030BF2A /* SetBBViewController.swift in Sources */ = {isa = PBXBuildFile; fileRef = E4D96FFF1EEB1AEC0030BF2A /* SetBBViewController.swift */; };
		E4D970021EEB20360030BF2A /* AddExpenseViewController.swift in Sources */ = {isa = PBXBuildFile; fileRef = E4D970011EEB20360030BF2A /* AddExpenseViewController.swift */; };
		E4D970041EEB20630030BF2A /* SetSavingsViewController.swift in Sources */ = {isa = PBXBuildFile; fileRef = E4D970031EEB20630030BF2A /* SetSavingsViewController.swift */; };
		E4D970061EEB210D0030BF2A /* BudgetViewController.swift in Sources */ = {isa = PBXBuildFile; fileRef = E4D970051EEB210D0030BF2A /* BudgetViewController.swift */; };
		E4D970081EEB229C0030BF2A /* StartingInfo.swift in Sources */ = {isa = PBXBuildFile; fileRef = E4D970071EEB229C0030BF2A /* StartingInfo.swift */; };
		E4D970111EEB62660030BF2A /* MainViewController.swift in Sources */ = {isa = PBXBuildFile; fileRef = E4D970101EEB62660030BF2A /* MainViewController.swift */; };
		E4F8A3911EF1EA3300CBCCB2 /* HistoryObjC.m in Sources */ = {isa = PBXBuildFile; fileRef = E4F8A3901EF1EA3300CBCCB2 /* HistoryObjC.m */; };
		E4F8A3961EF20FAB00CBCCB2 /* AnalysisVC.swift in Sources */ = {isa = PBXBuildFile; fileRef = E4F8A3951EF20FAB00CBCCB2 /* AnalysisVC.swift */; };
		F61D805B1EF1DDB1006B6B1D /* ExpenseTableController.swift in Sources */ = {isa = PBXBuildFile; fileRef = F61D805A1EF1DDB1006B6B1D /* ExpenseTableController.swift */; };
		F61D805D1EF1E1A1006B6B1D /* ExpenseCell.swift in Sources */ = {isa = PBXBuildFile; fileRef = F61D805C1EF1E1A1006B6B1D /* ExpenseCell.swift */; };
		F61D80721EF1E8BB006B6B1D /* GoalMO+CoreDataClass.swift in Sources */ = {isa = PBXBuildFile; fileRef = F61D806A1EF1E8BB006B6B1D /* GoalMO+CoreDataClass.swift */; };
		F61D80731EF1E8BB006B6B1D /* GoalMO+CoreDataProperties.swift in Sources */ = {isa = PBXBuildFile; fileRef = F61D806B1EF1E8BB006B6B1D /* GoalMO+CoreDataProperties.swift */; };
		F61D80741EF1E8BB006B6B1D /* UserMO+CoreDataClass.swift in Sources */ = {isa = PBXBuildFile; fileRef = F61D806C1EF1E8BB006B6B1D /* UserMO+CoreDataClass.swift */; };
		F61D80751EF1E8BB006B6B1D /* UserMO+CoreDataProperties.swift in Sources */ = {isa = PBXBuildFile; fileRef = F61D806D1EF1E8BB006B6B1D /* UserMO+CoreDataProperties.swift */; };
		F61D80761EF1E8BB006B6B1D /* ExpenseMO+CoreDataClass.swift in Sources */ = {isa = PBXBuildFile; fileRef = F61D806E1EF1E8BB006B6B1D /* ExpenseMO+CoreDataClass.swift */; };
		F61D80771EF1E8BB006B6B1D /* ExpenseMO+CoreDataProperties.swift in Sources */ = {isa = PBXBuildFile; fileRef = F61D806F1EF1E8BB006B6B1D /* ExpenseMO+CoreDataProperties.swift */; };
		F61D80781EF1E8BB006B6B1D /* IncomeMO+CoreDataClass.swift in Sources */ = {isa = PBXBuildFile; fileRef = F61D80701EF1E8BB006B6B1D /* IncomeMO+CoreDataClass.swift */; };
		F61D80791EF1E8BB006B6B1D /* IncomeMO+CoreDataProperties.swift in Sources */ = {isa = PBXBuildFile; fileRef = F61D80711EF1E8BB006B6B1D /* IncomeMO+CoreDataProperties.swift */; };
		F61D807B1EF29A6F006B6B1D /* IncomeTableController.swift in Sources */ = {isa = PBXBuildFile; fileRef = F61D807A1EF29A6F006B6B1D /* IncomeTableController.swift */; };
		F61D807D1EF29D25006B6B1D /* IncomeCell.swift in Sources */ = {isa = PBXBuildFile; fileRef = F61D807C1EF29D25006B6B1D /* IncomeCell.swift */; };
		F61D807F1EF2AA83006B6B1D /* AddIncomeViewController.swift in Sources */ = {isa = PBXBuildFile; fileRef = F61D807E1EF2AA83006B6B1D /* AddIncomeViewController.swift */; };
		F61D80811EF301E2006B6B1D /* NameVC.swift in Sources */ = {isa = PBXBuildFile; fileRef = F61D80801EF301E2006B6B1D /* NameVC.swift */; };
		F64C13221EEF510800B20A42 /* FirstTimeSetupViewController.swift in Sources */ = {isa = PBXBuildFile; fileRef = F64C13211EEF510800B20A42 /* FirstTimeSetupViewController.swift */; };
/* End PBXBuildFile section */

/* Begin PBXFileReference section */
		19A50D7C45845FCB980B286F /* Pods-Thrifty.debug.xcconfig */ = {isa = PBXFileReference; includeInIndex = 1; lastKnownFileType = text.xcconfig; name = "Pods-Thrifty.debug.xcconfig"; path = "Pods/Target Support Files/Pods-Thrifty/Pods-Thrifty.debug.xcconfig"; sourceTree = "<group>"; };
		2644817BCBEC393FDD8B4D04 /* Pods-Thrifty.release.xcconfig */ = {isa = PBXFileReference; includeInIndex = 1; lastKnownFileType = text.xcconfig; name = "Pods-Thrifty.release.xcconfig"; path = "Pods/Target Support Files/Pods-Thrifty/Pods-Thrifty.release.xcconfig"; sourceTree = "<group>"; };
		7A849C62ACF427A5EB362E07 /* Pods_Thrifty.framework */ = {isa = PBXFileReference; explicitFileType = wrapper.framework; includeInIndex = 0; path = Pods_Thrifty.framework; sourceTree = BUILT_PRODUCTS_DIR; };
		E41D78821EEF8EBE000CC8B1 /* ExpenseVC.swift */ = {isa = PBXFileReference; fileEncoding = 4; lastKnownFileType = sourcecode.swift; path = ExpenseVC.swift; sourceTree = "<group>"; };
		E4D96FE71EEB15700030BF2A /* Thrifty.app */ = {isa = PBXFileReference; explicitFileType = wrapper.application; includeInIndex = 0; path = Thrifty.app; sourceTree = BUILT_PRODUCTS_DIR; };
		E4D96FEA1EEB15700030BF2A /* AppDelegate.swift */ = {isa = PBXFileReference; lastKnownFileType = sourcecode.swift; path = AppDelegate.swift; sourceTree = "<group>"; };
		E4D96FEF1EEB15700030BF2A /* Base */ = {isa = PBXFileReference; lastKnownFileType = file.storyboard; name = Base; path = Base.lproj/Main.storyboard; sourceTree = "<group>"; };
		E4D96FF21EEB15700030BF2A /* Thrifty.xcdatamodel */ = {isa = PBXFileReference; lastKnownFileType = wrapper.xcdatamodel; path = Thrifty.xcdatamodel; sourceTree = "<group>"; };
		E4D96FF41EEB15700030BF2A /* Assets.xcassets */ = {isa = PBXFileReference; lastKnownFileType = folder.assetcatalog; path = Assets.xcassets; sourceTree = "<group>"; };
		E4D96FF71EEB15700030BF2A /* Base */ = {isa = PBXFileReference; lastKnownFileType = file.storyboard; name = Base; path = Base.lproj/LaunchScreen.storyboard; sourceTree = "<group>"; };
		E4D96FF91EEB15700030BF2A /* Info.plist */ = {isa = PBXFileReference; lastKnownFileType = text.plist.xml; path = Info.plist; sourceTree = "<group>"; };
		E4D96FFF1EEB1AEC0030BF2A /* SetBBViewController.swift */ = {isa = PBXFileReference; fileEncoding = 4; lastKnownFileType = sourcecode.swift; path = SetBBViewController.swift; sourceTree = "<group>"; };
		E4D970011EEB20360030BF2A /* AddExpenseViewController.swift */ = {isa = PBXFileReference; fileEncoding = 4; lastKnownFileType = sourcecode.swift; path = AddExpenseViewController.swift; sourceTree = "<group>"; };
		E4D970031EEB20630030BF2A /* SetSavingsViewController.swift */ = {isa = PBXFileReference; fileEncoding = 4; lastKnownFileType = sourcecode.swift; path = SetSavingsViewController.swift; sourceTree = "<group>"; };
		E4D970051EEB210D0030BF2A /* BudgetViewController.swift */ = {isa = PBXFileReference; fileEncoding = 4; lastKnownFileType = sourcecode.swift; path = BudgetViewController.swift; sourceTree = "<group>"; };
		E4D970071EEB229C0030BF2A /* StartingInfo.swift */ = {isa = PBXFileReference; fileEncoding = 4; lastKnownFileType = sourcecode.swift; path = StartingInfo.swift; sourceTree = "<group>"; };
		E4D970101EEB62660030BF2A /* MainViewController.swift */ = {isa = PBXFileReference; fileEncoding = 4; lastKnownFileType = sourcecode.swift; path = MainViewController.swift; sourceTree = "<group>"; };
		E4F8A38C1EF1E97900CBCCB2 /* Thrifty-Bridging-Header.h */ = {isa = PBXFileReference; lastKnownFileType = sourcecode.c.h; path = "Thrifty-Bridging-Header.h"; sourceTree = "<group>"; };
		E4F8A38F1EF1EA3300CBCCB2 /* HistoryObjC.h */ = {isa = PBXFileReference; fileEncoding = 4; lastKnownFileType = sourcecode.c.h; path = HistoryObjC.h; sourceTree = "<group>"; };
		E4F8A3901EF1EA3300CBCCB2 /* HistoryObjC.m */ = {isa = PBXFileReference; fileEncoding = 4; lastKnownFileType = sourcecode.c.objc; path = HistoryObjC.m; sourceTree = "<group>"; };
		E4F8A3951EF20FAB00CBCCB2 /* AnalysisVC.swift */ = {isa = PBXFileReference; fileEncoding = 4; lastKnownFileType = sourcecode.swift; path = AnalysisVC.swift; sourceTree = "<group>"; };
		F61D805A1EF1DDB1006B6B1D /* ExpenseTableController.swift */ = {isa = PBXFileReference; fileEncoding = 4; lastKnownFileType = sourcecode.swift; path = ExpenseTableController.swift; sourceTree = "<group>"; };
		F61D805C1EF1E1A1006B6B1D /* ExpenseCell.swift */ = {isa = PBXFileReference; fileEncoding = 4; lastKnownFileType = sourcecode.swift; path = ExpenseCell.swift; sourceTree = "<group>"; };
		F61D806A1EF1E8BB006B6B1D /* GoalMO+CoreDataClass.swift */ = {isa = PBXFileReference; fileEncoding = 4; lastKnownFileType = sourcecode.swift; path = "GoalMO+CoreDataClass.swift"; sourceTree = "<group>"; };
		F61D806B1EF1E8BB006B6B1D /* GoalMO+CoreDataProperties.swift */ = {isa = PBXFileReference; fileEncoding = 4; lastKnownFileType = sourcecode.swift; path = "GoalMO+CoreDataProperties.swift"; sourceTree = "<group>"; };
		F61D806C1EF1E8BB006B6B1D /* UserMO+CoreDataClass.swift */ = {isa = PBXFileReference; fileEncoding = 4; lastKnownFileType = sourcecode.swift; path = "UserMO+CoreDataClass.swift"; sourceTree = "<group>"; };
		F61D806D1EF1E8BB006B6B1D /* UserMO+CoreDataProperties.swift */ = {isa = PBXFileReference; fileEncoding = 4; lastKnownFileType = sourcecode.swift; path = "UserMO+CoreDataProperties.swift"; sourceTree = "<group>"; };
		F61D806E1EF1E8BB006B6B1D /* ExpenseMO+CoreDataClass.swift */ = {isa = PBXFileReference; fileEncoding = 4; lastKnownFileType = sourcecode.swift; path = "ExpenseMO+CoreDataClass.swift"; sourceTree = "<group>"; };
		F61D806F1EF1E8BB006B6B1D /* ExpenseMO+CoreDataProperties.swift */ = {isa = PBXFileReference; fileEncoding = 4; lastKnownFileType = sourcecode.swift; path = "ExpenseMO+CoreDataProperties.swift"; sourceTree = "<group>"; };
		F61D80701EF1E8BB006B6B1D /* IncomeMO+CoreDataClass.swift */ = {isa = PBXFileReference; fileEncoding = 4; lastKnownFileType = sourcecode.swift; path = "IncomeMO+CoreDataClass.swift"; sourceTree = "<group>"; };
		F61D80711EF1E8BB006B6B1D /* IncomeMO+CoreDataProperties.swift */ = {isa = PBXFileReference; fileEncoding = 4; lastKnownFileType = sourcecode.swift; path = "IncomeMO+CoreDataProperties.swift"; sourceTree = "<group>"; };
		F61D807A1EF29A6F006B6B1D /* IncomeTableController.swift */ = {isa = PBXFileReference; fileEncoding = 4; lastKnownFileType = sourcecode.swift; path = IncomeTableController.swift; sourceTree = "<group>"; };
		F61D807C1EF29D25006B6B1D /* IncomeCell.swift */ = {isa = PBXFileReference; fileEncoding = 4; lastKnownFileType = sourcecode.swift; path = IncomeCell.swift; sourceTree = "<group>"; };
		F61D807E1EF2AA83006B6B1D /* AddIncomeViewController.swift */ = {isa = PBXFileReference; fileEncoding = 4; lastKnownFileType = sourcecode.swift; path = AddIncomeViewController.swift; sourceTree = "<group>"; };
		F61D80801EF301E2006B6B1D /* NameVC.swift */ = {isa = PBXFileReference; fileEncoding = 4; lastKnownFileType = sourcecode.swift; path = NameVC.swift; sourceTree = "<group>"; };
		F64C13211EEF510800B20A42 /* FirstTimeSetupViewController.swift */ = {isa = PBXFileReference; fileEncoding = 4; lastKnownFileType = sourcecode.swift; path = FirstTimeSetupViewController.swift; sourceTree = "<group>"; };
/* End PBXFileReference section */

/* Begin PBXFrameworksBuildPhase section */
		E4D96FE41EEB15700030BF2A /* Frameworks */ = {
			isa = PBXFrameworksBuildPhase;
			buildActionMask = 2147483647;
			files = (
				6BF90A76469703F418227E6F /* Pods_Thrifty.framework in Frameworks */,
			);
			runOnlyForDeploymentPostprocessing = 0;
		};
/* End PBXFrameworksBuildPhase section */

/* Begin PBXGroup section */
		AAB334B70D48539F55D55F4B /* Frameworks */ = {
			isa = PBXGroup;
			children = (
				7A849C62ACF427A5EB362E07 /* Pods_Thrifty.framework */,
			);
			name = Frameworks;
			sourceTree = "<group>";
		};
		CC4BC8EF74CF207108060524 /* Pods */ = {
			isa = PBXGroup;
			children = (
				19A50D7C45845FCB980B286F /* Pods-Thrifty.debug.xcconfig */,
				2644817BCBEC393FDD8B4D04 /* Pods-Thrifty.release.xcconfig */,
			);
			name = Pods;
			sourceTree = "<group>";
		};
		E4D96FDE1EEB15700030BF2A = {
			isa = PBXGroup;
			children = (
				E4D96FE91EEB15700030BF2A /* Thrifty */,
				E4D96FE81EEB15700030BF2A /* Products */,
				CC4BC8EF74CF207108060524 /* Pods */,
				AAB334B70D48539F55D55F4B /* Frameworks */,
			);
			sourceTree = "<group>";
		};
		E4D96FE81EEB15700030BF2A /* Products */ = {
			isa = PBXGroup;
			children = (
				E4D96FE71EEB15700030BF2A /* Thrifty.app */,
			);
			name = Products;
			sourceTree = "<group>";
		};
		E4D96FE91EEB15700030BF2A /* Thrifty */ = {
			isa = PBXGroup;
			children = (
				E4D96FEE1EEB15700030BF2A /* Main.storyboard */,
				E4D970051EEB210D0030BF2A /* BudgetViewController.swift */,
				E4D970101EEB62660030BF2A /* MainViewController.swift */,
				E41D78821EEF8EBE000CC8B1 /* ExpenseVC.swift */,
				E4F8A38F1EF1EA3300CBCCB2 /* HistoryObjC.h */,
				E4F8A3901EF1EA3300CBCCB2 /* HistoryObjC.m */,
				E4F8A3951EF20FAB00CBCCB2 /* AnalysisVC.swift */,
				F681E3211EEE2FA600926D75 /* Setter VCs */,
				F681E3201EEE2F8A00926D75 /* Supporting Files */,
				E4D9700D1EEB406F0030BF2A /* Core Data */,
				E4F8A38C1EF1E97900CBCCB2 /* Thrifty-Bridging-Header.h */,
			);
			path = Thrifty;
			sourceTree = "<group>";
		};
		E4D9700D1EEB406F0030BF2A /* Core Data */ = {
			isa = PBXGroup;
			children = (
				F61D806A1EF1E8BB006B6B1D /* GoalMO+CoreDataClass.swift */,
				F61D806B1EF1E8BB006B6B1D /* GoalMO+CoreDataProperties.swift */,
				F61D806C1EF1E8BB006B6B1D /* UserMO+CoreDataClass.swift */,
				F61D806D1EF1E8BB006B6B1D /* UserMO+CoreDataProperties.swift */,
				F61D806E1EF1E8BB006B6B1D /* ExpenseMO+CoreDataClass.swift */,
				F61D806F1EF1E8BB006B6B1D /* ExpenseMO+CoreDataProperties.swift */,
				F61D80701EF1E8BB006B6B1D /* IncomeMO+CoreDataClass.swift */,
				F61D80711EF1E8BB006B6B1D /* IncomeMO+CoreDataProperties.swift */,
				E4D96FF11EEB15700030BF2A /* Thrifty.xcdatamodeld */,
			);
			name = "Core Data";
			sourceTree = "<group>";
		};
		F681E3201EEE2F8A00926D75 /* Supporting Files */ = {
			isa = PBXGroup;
			children = (
				E4D96FF61EEB15700030BF2A /* LaunchScreen.storyboard */,
				E4D96FF41EEB15700030BF2A /* Assets.xcassets */,
				E4D96FEA1EEB15700030BF2A /* AppDelegate.swift */,
				E4D970071EEB229C0030BF2A /* StartingInfo.swift */,
				E4D96FF91EEB15700030BF2A /* Info.plist */,
			);
			name = "Supporting Files";
			sourceTree = "<group>";
		};
		F681E3211EEE2FA600926D75 /* Setter VCs */ = {
			isa = PBXGroup;
			children = (
				F64C13211EEF510800B20A42 /* FirstTimeSetupViewController.swift */,
				F61D80801EF301E2006B6B1D /* NameVC.swift */,
				E4D96FFF1EEB1AEC0030BF2A /* SetBBViewController.swift */,
				F61D807A1EF29A6F006B6B1D /* IncomeTableController.swift */,
				F61D807C1EF29D25006B6B1D /* IncomeCell.swift */,
				F61D807E1EF2AA83006B6B1D /* AddIncomeViewController.swift */,
				F61D805C1EF1E1A1006B6B1D /* ExpenseCell.swift */,
				F61D805A1EF1DDB1006B6B1D /* ExpenseTableController.swift */,
				E4D970011EEB20360030BF2A /* AddExpenseViewController.swift */,
				E4D970031EEB20630030BF2A /* SetSavingsViewController.swift */,
			);
			name = "Setter VCs";
			sourceTree = "<group>";
		};
/* End PBXGroup section */

/* Begin PBXNativeTarget section */
		E4D96FE61EEB15700030BF2A /* Thrifty */ = {
			isa = PBXNativeTarget;
			buildConfigurationList = E4D96FFC1EEB15700030BF2A /* Build configuration list for PBXNativeTarget "Thrifty" */;
			buildPhases = (
				5D7AA2A1BFA2F7F25C50CBEF /* [CP] Check Pods Manifest.lock */,
				E4D96FE31EEB15700030BF2A /* Sources */,
				E4D96FE41EEB15700030BF2A /* Frameworks */,
				E4D96FE51EEB15700030BF2A /* Resources */,
				B7EC3B85C7D13FD1C857BFCF /* [CP] Embed Pods Frameworks */,
				F793D77273570BE9874772BE /* [CP] Copy Pods Resources */,
			);
			buildRules = (
			);
			dependencies = (
			);
			name = Thrifty;
			productName = Thrifty;
			productReference = E4D96FE71EEB15700030BF2A /* Thrifty.app */;
			productType = "com.apple.product-type.application";
		};
/* End PBXNativeTarget section */

/* Begin PBXProject section */
		E4D96FDF1EEB15700030BF2A /* Project object */ = {
			isa = PBXProject;
			attributes = {
				LastSwiftUpdateCheck = 0830;
				LastUpgradeCheck = 0830;
				ORGANIZATIONNAME = DeAnza;
				TargetAttributes = {
					E4D96FE61EEB15700030BF2A = {
						CreatedOnToolsVersion = 8.3.1;
						LastSwiftMigration = 0830;
						ProvisioningStyle = Automatic;
					};
				};
			};
			buildConfigurationList = E4D96FE21EEB15700030BF2A /* Build configuration list for PBXProject "Thrifty" */;
			compatibilityVersion = "Xcode 3.2";
			developmentRegion = English;
			hasScannedForEncodings = 0;
			knownRegions = (
				en,
				Base,
			);
			mainGroup = E4D96FDE1EEB15700030BF2A;
			productRefGroup = E4D96FE81EEB15700030BF2A /* Products */;
			projectDirPath = "";
			projectRoot = "";
			targets = (
				E4D96FE61EEB15700030BF2A /* Thrifty */,
			);
		};
/* End PBXProject section */

/* Begin PBXResourcesBuildPhase section */
		E4D96FE51EEB15700030BF2A /* Resources */ = {
			isa = PBXResourcesBuildPhase;
			buildActionMask = 2147483647;
			files = (
				E4D96FF81EEB15700030BF2A /* LaunchScreen.storyboard in Resources */,
				E4D96FF51EEB15700030BF2A /* Assets.xcassets in Resources */,
				E4D96FF01EEB15700030BF2A /* Main.storyboard in Resources */,
			);
			runOnlyForDeploymentPostprocessing = 0;
		};
/* End PBXResourcesBuildPhase section */

/* Begin PBXShellScriptBuildPhase section */
		5D7AA2A1BFA2F7F25C50CBEF /* [CP] Check Pods Manifest.lock */ = {
			isa = PBXShellScriptBuildPhase;
			buildActionMask = 2147483647;
			files = (
			);
			inputPaths = (
			);
			name = "[CP] Check Pods Manifest.lock";
			outputPaths = (
			);
			runOnlyForDeploymentPostprocessing = 0;
			shellPath = /bin/sh;
			shellScript = "diff \"${PODS_PODFILE_DIR_PATH}/Podfile.lock\" \"${PODS_ROOT}/Manifest.lock\" > /dev/null\nif [ $? != 0 ] ; then\n    # print error to STDERR\n    echo \"error: The sandbox is not in sync with the Podfile.lock. Run 'pod install' or update your CocoaPods installation.\" >&2\n    exit 1\nfi\n";
			showEnvVarsInLog = 0;
		};
		B7EC3B85C7D13FD1C857BFCF /* [CP] Embed Pods Frameworks */ = {
			isa = PBXShellScriptBuildPhase;
			buildActionMask = 2147483647;
			files = (
			);
			inputPaths = (
			);
			name = "[CP] Embed Pods Frameworks";
			outputPaths = (
			);
			runOnlyForDeploymentPostprocessing = 0;
			shellPath = /bin/sh;
			shellScript = "\"${SRCROOT}/Pods/Target Support Files/Pods-Thrifty/Pods-Thrifty-frameworks.sh\"\n";
			showEnvVarsInLog = 0;
		};
		F793D77273570BE9874772BE /* [CP] Copy Pods Resources */ = {
			isa = PBXShellScriptBuildPhase;
			buildActionMask = 2147483647;
			files = (
			);
			inputPaths = (
			);
			name = "[CP] Copy Pods Resources";
			outputPaths = (
			);
			runOnlyForDeploymentPostprocessing = 0;
			shellPath = /bin/sh;
			shellScript = "\"${SRCROOT}/Pods/Target Support Files/Pods-Thrifty/Pods-Thrifty-resources.sh\"\n";
			showEnvVarsInLog = 0;
		};
/* End PBXShellScriptBuildPhase section */

/* Begin PBXSourcesBuildPhase section */
		E4D96FE31EEB15700030BF2A /* Sources */ = {
			isa = PBXSourcesBuildPhase;
			buildActionMask = 2147483647;
			files = (
				F61D80751EF1E8BB006B6B1D /* UserMO+CoreDataProperties.swift in Sources */,
				E4D970061EEB210D0030BF2A /* BudgetViewController.swift in Sources */,
				F61D80771EF1E8BB006B6B1D /* ExpenseMO+CoreDataProperties.swift in Sources */,
				E41D78831EEF8EBE000CC8B1 /* ExpenseVC.swift in Sources */,
				E4D970111EEB62660030BF2A /* MainViewController.swift in Sources */,
				F61D807F1EF2AA83006B6B1D /* AddIncomeViewController.swift in Sources */,
				F61D80781EF1E8BB006B6B1D /* IncomeMO+CoreDataClass.swift in Sources */,
				F61D805B1EF1DDB1006B6B1D /* ExpenseTableController.swift in Sources */,
				F61D80791EF1E8BB006B6B1D /* IncomeMO+CoreDataProperties.swift in Sources */,
				F61D807B1EF29A6F006B6B1D /* IncomeTableController.swift in Sources */,
				E4F8A3961EF20FAB00CBCCB2 /* AnalysisVC.swift in Sources */,
				E4F8A3911EF1EA3300CBCCB2 /* HistoryObjC.m in Sources */,
				E4D970041EEB20630030BF2A /* SetSavingsViewController.swift in Sources */,
				F61D80761EF1E8BB006B6B1D /* ExpenseMO+CoreDataClass.swift in Sources */,
				E4D96FEB1EEB15700030BF2A /* AppDelegate.swift in Sources */,
				F64C13221EEF510800B20A42 /* FirstTimeSetupViewController.swift in Sources */,
				E4D970021EEB20360030BF2A /* AddExpenseViewController.swift in Sources */,
				E4D970081EEB229C0030BF2A /* StartingInfo.swift in Sources */,
				F61D80741EF1E8BB006B6B1D /* UserMO+CoreDataClass.swift in Sources */,
				F61D80731EF1E8BB006B6B1D /* GoalMO+CoreDataProperties.swift in Sources */,
				F61D80721EF1E8BB006B6B1D /* GoalMO+CoreDataClass.swift in Sources */,
				E4D970001EEB1AEC0030BF2A /* SetBBViewController.swift in Sources */,
				E4D96FF31EEB15700030BF2A /* Thrifty.xcdatamodeld in Sources */,
				F61D807D1EF29D25006B6B1D /* IncomeCell.swift in Sources */,
				F61D805D1EF1E1A1006B6B1D /* ExpenseCell.swift in Sources */,
				F61D80811EF301E2006B6B1D /* NameVC.swift in Sources */,
			);
			runOnlyForDeploymentPostprocessing = 0;
		};
/* End PBXSourcesBuildPhase section */

/* Begin PBXVariantGroup section */
		E4D96FEE1EEB15700030BF2A /* Main.storyboard */ = {
			isa = PBXVariantGroup;
			children = (
				E4D96FEF1EEB15700030BF2A /* Base */,
			);
			name = Main.storyboard;
			sourceTree = "<group>";
		};
		E4D96FF61EEB15700030BF2A /* LaunchScreen.storyboard */ = {
			isa = PBXVariantGroup;
			children = (
				E4D96FF71EEB15700030BF2A /* Base */,
			);
			name = LaunchScreen.storyboard;
			sourceTree = "<group>";
		};
/* End PBXVariantGroup section */

/* Begin XCBuildConfiguration section */
		E4D96FFA1EEB15700030BF2A /* Debug */ = {
			isa = XCBuildConfiguration;
			buildSettings = {
				ALWAYS_SEARCH_USER_PATHS = NO;
				CLANG_ANALYZER_NONNULL = YES;
				CLANG_ANALYZER_NUMBER_OBJECT_CONVERSION = YES_AGGRESSIVE;
				CLANG_CXX_LANGUAGE_STANDARD = "gnu++0x";
				CLANG_CXX_LIBRARY = "libc++";
				CLANG_ENABLE_MODULES = YES;
				CLANG_ENABLE_OBJC_ARC = YES;
				CLANG_WARN_BOOL_CONVERSION = YES;
				CLANG_WARN_CONSTANT_CONVERSION = YES;
				CLANG_WARN_DIRECT_OBJC_ISA_USAGE = YES_ERROR;
				CLANG_WARN_DOCUMENTATION_COMMENTS = YES;
				CLANG_WARN_EMPTY_BODY = YES;
				CLANG_WARN_ENUM_CONVERSION = YES;
				CLANG_WARN_INFINITE_RECURSION = YES;
				CLANG_WARN_INT_CONVERSION = YES;
				CLANG_WARN_OBJC_ROOT_CLASS = YES_ERROR;
				CLANG_WARN_SUSPICIOUS_MOVE = YES;
				CLANG_WARN_UNREACHABLE_CODE = YES;
				CLANG_WARN__DUPLICATE_METHOD_MATCH = YES;
				"CODE_SIGN_IDENTITY[sdk=iphoneos*]" = "iPhone Developer";
				COPY_PHASE_STRIP = NO;
				DEBUG_INFORMATION_FORMAT = dwarf;
				ENABLE_STRICT_OBJC_MSGSEND = YES;
				ENABLE_TESTABILITY = YES;
				GCC_C_LANGUAGE_STANDARD = gnu99;
				GCC_DYNAMIC_NO_PIC = NO;
				GCC_NO_COMMON_BLOCKS = YES;
				GCC_OPTIMIZATION_LEVEL = 0;
				GCC_PREPROCESSOR_DEFINITIONS = (
					"DEBUG=1",
					"$(inherited)",
				);
				GCC_WARN_64_TO_32_BIT_CONVERSION = YES;
				GCC_WARN_ABOUT_RETURN_TYPE = YES_ERROR;
				GCC_WARN_UNDECLARED_SELECTOR = YES;
				GCC_WARN_UNINITIALIZED_AUTOS = YES_AGGRESSIVE;
				GCC_WARN_UNUSED_FUNCTION = YES;
				GCC_WARN_UNUSED_VARIABLE = YES;
				IPHONEOS_DEPLOYMENT_TARGET = 10.3;
				MTL_ENABLE_DEBUG_INFO = YES;
				ONLY_ACTIVE_ARCH = YES;
				SDKROOT = iphoneos;
				SWIFT_ACTIVE_COMPILATION_CONDITIONS = DEBUG;
				SWIFT_OPTIMIZATION_LEVEL = "-Onone";
			};
			name = Debug;
		};
		E4D96FFB1EEB15700030BF2A /* Release */ = {
			isa = XCBuildConfiguration;
			buildSettings = {
				ALWAYS_SEARCH_USER_PATHS = NO;
				CLANG_ANALYZER_NONNULL = YES;
				CLANG_ANALYZER_NUMBER_OBJECT_CONVERSION = YES_AGGRESSIVE;
				CLANG_CXX_LANGUAGE_STANDARD = "gnu++0x";
				CLANG_CXX_LIBRARY = "libc++";
				CLANG_ENABLE_MODULES = YES;
				CLANG_ENABLE_OBJC_ARC = YES;
				CLANG_WARN_BOOL_CONVERSION = YES;
				CLANG_WARN_CONSTANT_CONVERSION = YES;
				CLANG_WARN_DIRECT_OBJC_ISA_USAGE = YES_ERROR;
				CLANG_WARN_DOCUMENTATION_COMMENTS = YES;
				CLANG_WARN_EMPTY_BODY = YES;
				CLANG_WARN_ENUM_CONVERSION = YES;
				CLANG_WARN_INFINITE_RECURSION = YES;
				CLANG_WARN_INT_CONVERSION = YES;
				CLANG_WARN_OBJC_ROOT_CLASS = YES_ERROR;
				CLANG_WARN_SUSPICIOUS_MOVE = YES;
				CLANG_WARN_UNREACHABLE_CODE = YES;
				CLANG_WARN__DUPLICATE_METHOD_MATCH = YES;
				"CODE_SIGN_IDENTITY[sdk=iphoneos*]" = "iPhone Developer";
				COPY_PHASE_STRIP = NO;
				DEBUG_INFORMATION_FORMAT = "dwarf-with-dsym";
				ENABLE_NS_ASSERTIONS = NO;
				ENABLE_STRICT_OBJC_MSGSEND = YES;
				GCC_C_LANGUAGE_STANDARD = gnu99;
				GCC_NO_COMMON_BLOCKS = YES;
				GCC_WARN_64_TO_32_BIT_CONVERSION = YES;
				GCC_WARN_ABOUT_RETURN_TYPE = YES_ERROR;
				GCC_WARN_UNDECLARED_SELECTOR = YES;
				GCC_WARN_UNINITIALIZED_AUTOS = YES_AGGRESSIVE;
				GCC_WARN_UNUSED_FUNCTION = YES;
				GCC_WARN_UNUSED_VARIABLE = YES;
				IPHONEOS_DEPLOYMENT_TARGET = 10.3;
				MTL_ENABLE_DEBUG_INFO = NO;
				SDKROOT = iphoneos;
				SWIFT_OPTIMIZATION_LEVEL = "-Owholemodule";
				VALIDATE_PRODUCT = YES;
			};
			name = Release;
		};
		E4D96FFD1EEB15700030BF2A /* Debug */ = {
			isa = XCBuildConfiguration;
			baseConfigurationReference = 19A50D7C45845FCB980B286F /* Pods-Thrifty.debug.xcconfig */;
			buildSettings = {
				ASSETCATALOG_COMPILER_APPICON_NAME = AppIcon;
				CLANG_ENABLE_MODULES = YES;
				DEFINES_MODULE = YES;
				INFOPLIST_FILE = Thrifty/Info.plist;
				LD_RUNPATH_SEARCH_PATHS = "$(inherited) @executable_path/Frameworks";
				PRODUCT_BUNDLE_IDENTIFIER = edu.deanza.rlu.Thrifty;
				PRODUCT_NAME = "$(TARGET_NAME)";
				SWIFT_OBJC_BRIDGING_HEADER = "Thrifty/Thrifty-Bridging-Header.h";
				SWIFT_OPTIMIZATION_LEVEL = "-Onone";
				SWIFT_VERSION = 3.0;
			};
			name = Debug;
		};
		E4D96FFE1EEB15700030BF2A /* Release */ = {
			isa = XCBuildConfiguration;
			baseConfigurationReference = 2644817BCBEC393FDD8B4D04 /* Pods-Thrifty.release.xcconfig */;
			buildSettings = {
				ASSETCATALOG_COMPILER_APPICON_NAME = AppIcon;
				CLANG_ENABLE_MODULES = YES;
				DEFINES_MODULE = YES;
				INFOPLIST_FILE = Thrifty/Info.plist;
				LD_RUNPATH_SEARCH_PATHS = "$(inherited) @executable_path/Frameworks";
				PRODUCT_BUNDLE_IDENTIFIER = edu.deanza.rlu.Thrifty;
				PRODUCT_NAME = "$(TARGET_NAME)";
				SWIFT_OBJC_BRIDGING_HEADER = "Thrifty/Thrifty-Bridging-Header.h";
				SWIFT_VERSION = 3.0;
			};
			name = Release;
		};
/* End XCBuildConfiguration section */

/* Begin XCConfigurationList section */
		E4D96FE21EEB15700030BF2A /* Build configuration list for PBXProject "Thrifty" */ = {
			isa = XCConfigurationList;
			buildConfigurations = (
				E4D96FFA1EEB15700030BF2A /* Debug */,
				E4D96FFB1EEB15700030BF2A /* Release */,
			);
			defaultConfigurationIsVisible = 0;
			defaultConfigurationName = Release;
		};
		E4D96FFC1EEB15700030BF2A /* Build configuration list for PBXNativeTarget "Thrifty" */ = {
			isa = XCConfigurationList;
			buildConfigurations = (
				E4D96FFD1EEB15700030BF2A /* Debug */,
				E4D96FFE1EEB15700030BF2A /* Release */,
			);
			defaultConfigurationIsVisible = 0;
			defaultConfigurationName = Release;
		};
/* End XCConfigurationList section */

/* Begin XCVersionGroup section */
		E4D96FF11EEB15700030BF2A /* Thrifty.xcdatamodeld */ = {
			isa = XCVersionGroup;
			children = (
				E4D96FF21EEB15700030BF2A /* Thrifty.xcdatamodel */,
			);
			currentVersion = E4D96FF21EEB15700030BF2A /* Thrifty.xcdatamodel */;
			path = Thrifty.xcdatamodeld;
			sourceTree = "<group>";
			versionGroupType = wrapper.xcdatamodel;
		};
/* End XCVersionGroup section */
	};
	rootObject = E4D96FDF1EEB15700030BF2A /* Project object */;
}
